
Microsoft Visual Studio Solution File, Format Version 12.00
# Visual Studio Version 17
VisualStudioVersion = 17.13.35818.85 d17.13
MinimumVisualStudioVersion = 10.0.40219.1
Project("{FAE04EC0-301F-11D3-BF4B-00C04F79EFBC}") = "armstrongSayi", "armstrongSayi.csproj", "{E1F62656-DCD7-41C7-AD57-093BF4DDB76E}"
EndProject
Global
	GlobalSection(SolutionConfigurationPlatforms) = preSolution
		Debug|Any CPU = Debug|Any CPU
		Release|Any CPU = Release|Any CPU
	EndGlobalSection
	GlobalSection(ProjectConfigurationPlatforms) = postSolution
		{E1F62656-DCD7-41C7-AD57-093BF4DDB76E}.Debug|Any CPU.ActiveCfg = Debug|Any CPU
		{E1F62656-DCD7-41C7-AD57-093BF4DDB76E}.Debug|Any CPU.Build.0 = Debug|Any CPU
		{E1F62656-DCD7-41C7-AD57-093BF4DDB76E}.Release|Any CPU.ActiveCfg = Release|Any CPU
		{E1F62656-DCD7-41C7-AD57-093BF4DDB76E}.Release|Any CPU.Build.0 = Release|Any CPU
	EndGlobalSection
	GlobalSection(SolutionProperties) = preSolution
		HideSolutionNode = FALSE
	EndGlobalSection
	GlobalSection(ExtensibilityGlobals) = postSolution
		SolutionGuid = {5504DA7F-808E-4C7A-BCC9-A2ACBD0E3EA5}
	EndGlobalSection
EndGlobal
