
Microsoft Visual Studio Solution File, Format Version 12.00
# Visual Studio Version 17
VisualStudioVersion = 17.13.35818.85 d17.13
MinimumVisualStudioVersion = 10.0.40219.1
Project("{FAE04EC0-301F-11D3-BF4B-00C04F79EFBC}") = "carpanBulma", "carpanBulma.csproj", "{58EEECAA-D8FC-4222-8F6D-26E14CF95742}"
EndProject
Global
	GlobalSection(SolutionConfigurationPlatforms) = preSolution
		Debug|Any CPU = Debug|Any CPU
		Release|Any CPU = Release|Any CPU
	EndGlobalSection
	GlobalSection(ProjectConfigurationPlatforms) = postSolution
		{58EEECAA-D8FC-4222-8F6D-26E14CF95742}.Debug|Any CPU.ActiveCfg = Debug|Any CPU
		{58EEECAA-D8FC-4222-8F6D-26E14CF95742}.Debug|Any CPU.Build.0 = Debug|Any CPU
		{58EEECAA-D8FC-4222-8F6D-26E14CF95742}.Release|Any CPU.ActiveCfg = Release|Any CPU
		{58EEECAA-D8FC-4222-8F6D-26E14CF95742}.Release|Any CPU.Build.0 = Release|Any CPU
	EndGlobalSection
	GlobalSection(SolutionProperties) = preSolution
		HideSolutionNode = FALSE
	EndGlobalSection
	GlobalSection(ExtensibilityGlobals) = postSolution
		SolutionGuid = {0DAAD7C8-C4AE-4F7F-A1A7-837A79C02E30}
	EndGlobalSection
EndGlobal
